
Microsoft Visual Studio Solution File, Format Version 12.00
# Visual Studio Version 16
VisualStudioVersion = 16.0.30907.101
MinimumVisualStudioVersion = 10.0.40219.1
Project("{FAE04EC0-301F-11D3-BF4B-00C04F79EFBC}") = "OMS", "OMS\OMS.csproj", "{C82276D5-0083-4872-853C-A221E2BA26FD}"
EndProject
Global
	GlobalSection(SolutionConfigurationPlatforms) = preSolution
		Debug|Any CPU = Debug|Any CPU
		Release|Any CPU = Release|Any CPU
	EndGlobalSection
	GlobalSection(ProjectConfigurationPlatforms) = postSolution
		{C82276D5-0083-4872-853C-A221E2BA26FD}.Debug|Any CPU.ActiveCfg = Debug|Any CPU
		{C82276D5-0083-4872-853C-A221E2BA26FD}.Debug|Any CPU.Build.0 = Debug|Any CPU
		{C82276D5-0083-4872-853C-A221E2BA26FD}.Release|Any CPU.ActiveCfg = Release|Any CPU
		{C82276D5-0083-4872-853C-A221E2BA26FD}.Release|Any CPU.Build.0 = Release|Any CPU
	EndGlobalSection
	GlobalSection(SolutionProperties) = preSolution
		HideSolutionNode = FALSE
	EndGlobalSection
	GlobalSection(ExtensibilityGlobals) = postSolution
		SolutionGuid = {76964F92-6C71-44AE-A176-95266D3C64E7}
	EndGlobalSection
EndGlobal
